
Microsoft Visual Studio Solution File, Format Version 12.00
# Visual Studio 15
VisualStudioVersion = 15.0.26430.6
MinimumVisualStudioVersion = 10.0.40219.1
Project("{FAE04EC0-301F-11D3-BF4B-00C04F79EFBC}") = "MyNatsClient", "projects\MyNatsClient\MyNatsClient.csproj", "{5C9C3DF5-64D2-419A-88E1-5D595C69087B}"
EndProject
Project("{FAE04EC0-301F-11D3-BF4B-00C04F79EFBC}") = "MyNatsClient.Encodings.Json", "projects\MyNatsClient.Encodings.Json\MyNatsClient.Encodings.Json.csproj", "{1CD5039E-7F43-432C-8A96-6186522724A8}"
EndProject
Project("{2150E333-8FDC-42A3-9474-1A3956D46DE8}") = "Tests", "Tests", "{1CEF6E0A-6661-47A5-8E72-AD83A610A07E}"
EndProject
Project("{FAE04EC0-301F-11D3-BF4B-00C04F79EFBC}") = "MyNatsClient.UnitTests", "tests\MyNatsClient.UnitTests\MyNatsClient.UnitTests.csproj", "{4454472F-178E-4E00-973A-1ACD471BAC4B}"
EndProject
Project("{2150E333-8FDC-42A3-9474-1A3956D46DE8}") = "Samples", "Samples", "{D4F8D4CC-348A-46EF-AD10-D1AA099C5402}"
EndProject
Project("{FAE04EC0-301F-11D3-BF4B-00C04F79EFBC}") = "MrSam", "samples\MrSam\MrSam.csproj", "{C667838B-F7E8-4812-83A0-A813B896FAF8}"
EndProject
Project("{FAE04EC0-301F-11D3-BF4B-00C04F79EFBC}") = "MyNatsClient.IntegrationTests", "tests\MyNatsClient.IntegrationTests\MyNatsClient.IntegrationTests.csproj", "{8C8FD44E-006D-4AD5-93D8-F8B419475BDD}"
EndProject
Global
	GlobalSection(SolutionConfigurationPlatforms) = preSolution
		Debug|Any CPU = Debug|Any CPU
		Release|Any CPU = Release|Any CPU
	EndGlobalSection
	GlobalSection(ProjectConfigurationPlatforms) = postSolution
		{5C9C3DF5-64D2-419A-88E1-5D595C69087B}.Debug|Any CPU.ActiveCfg = Debug|Any CPU
		{5C9C3DF5-64D2-419A-88E1-5D595C69087B}.Debug|Any CPU.Build.0 = Debug|Any CPU
		{5C9C3DF5-64D2-419A-88E1-5D595C69087B}.Release|Any CPU.ActiveCfg = Release|Any CPU
		{5C9C3DF5-64D2-419A-88E1-5D595C69087B}.Release|Any CPU.Build.0 = Release|Any CPU
		{1CD5039E-7F43-432C-8A96-6186522724A8}.Debug|Any CPU.ActiveCfg = Debug|Any CPU
		{1CD5039E-7F43-432C-8A96-6186522724A8}.Debug|Any CPU.Build.0 = Debug|Any CPU
		{1CD5039E-7F43-432C-8A96-6186522724A8}.Release|Any CPU.ActiveCfg = Release|Any CPU
		{1CD5039E-7F43-432C-8A96-6186522724A8}.Release|Any CPU.Build.0 = Release|Any CPU
		{4454472F-178E-4E00-973A-1ACD471BAC4B}.Debug|Any CPU.ActiveCfg = Debug|Any CPU
		{4454472F-178E-4E00-973A-1ACD471BAC4B}.Debug|Any CPU.Build.0 = Debug|Any CPU
		{4454472F-178E-4E00-973A-1ACD471BAC4B}.Release|Any CPU.ActiveCfg = Release|Any CPU
		{4454472F-178E-4E00-973A-1ACD471BAC4B}.Release|Any CPU.Build.0 = Release|Any CPU
		{C667838B-F7E8-4812-83A0-A813B896FAF8}.Debug|Any CPU.ActiveCfg = Debug|Any CPU
		{C667838B-F7E8-4812-83A0-A813B896FAF8}.Debug|Any CPU.Build.0 = Debug|Any CPU
		{C667838B-F7E8-4812-83A0-A813B896FAF8}.Release|Any CPU.ActiveCfg = Release|Any CPU
		{C667838B-F7E8-4812-83A0-A813B896FAF8}.Release|Any CPU.Build.0 = Release|Any CPU
		{8C8FD44E-006D-4AD5-93D8-F8B419475BDD}.Debug|Any CPU.ActiveCfg = Debug|Any CPU
		{8C8FD44E-006D-4AD5-93D8-F8B419475BDD}.Debug|Any CPU.Build.0 = Debug|Any CPU
		{8C8FD44E-006D-4AD5-93D8-F8B419475BDD}.Release|Any CPU.ActiveCfg = Release|Any CPU
		{8C8FD44E-006D-4AD5-93D8-F8B419475BDD}.Release|Any CPU.Build.0 = Release|Any CPU
	EndGlobalSection
	GlobalSection(SolutionProperties) = preSolution
		HideSolutionNode = FALSE
	EndGlobalSection
	GlobalSection(NestedProjects) = preSolution
		{4454472F-178E-4E00-973A-1ACD471BAC4B} = {1CEF6E0A-6661-47A5-8E72-AD83A610A07E}
		{C667838B-F7E8-4812-83A0-A813B896FAF8} = {D4F8D4CC-348A-46EF-AD10-D1AA099C5402}
		{8C8FD44E-006D-4AD5-93D8-F8B419475BDD} = {1CEF6E0A-6661-47A5-8E72-AD83A610A07E}
	EndGlobalSection
EndGlobal
